// !$*UTF8*$!
{
	archiveVersion = 1;
	classes = {
	};
	objectVersion = 56;
	objects = {

/* Begin PBXBuildFile section */
		D80C32802BC6667F00CCE1A0 /* SearchMovies-ViewController.swift in Sources */ = {isa = PBXBuildFile; fileRef = D80C327F2BC6667F00CCE1A0 /* SearchMovies-ViewController.swift */; };
		D80C32822BC6668F00CCE1A0 /* SearchMovies-ViewModel.swift in Sources */ = {isa = PBXBuildFile; fileRef = D80C32812BC6668F00CCE1A0 /* SearchMovies-ViewModel.swift */; };
		D80C32842BC6669F00CCE1A0 /* SearchMovies-Repository.swift in Sources */ = {isa = PBXBuildFile; fileRef = D80C32832BC6669F00CCE1A0 /* SearchMovies-Repository.swift */; };
		D80C32862BC666AA00CCE1A0 /* SearchMovies-Model.swift in Sources */ = {isa = PBXBuildFile; fileRef = D80C32852BC666AA00CCE1A0 /* SearchMovies-Model.swift */; };
		D80C32882BC66ADB00CCE1A0 /* SearchMovieScreen.storyboard in Resources */ = {isa = PBXBuildFile; fileRef = D80C32872BC66ADB00CCE1A0 /* SearchMovieScreen.storyboard */; };
		D816185B2BBBD42000644A0B /* AppDelegate.swift in Sources */ = {isa = PBXBuildFile; fileRef = D816185A2BBBD42000644A0B /* AppDelegate.swift */; };
		D816185D2BBBD42000644A0B /* SceneDelegate.swift in Sources */ = {isa = PBXBuildFile; fileRef = D816185C2BBBD42000644A0B /* SceneDelegate.swift */; };
		D816185F2BBBD42000644A0B /* HomeScreen-ViewController.swift in Sources */ = {isa = PBXBuildFile; fileRef = D816185E2BBBD42000644A0B /* HomeScreen-ViewController.swift */; };
		D81618622BBBD42000644A0B /* Main.storyboard in Resources */ = {isa = PBXBuildFile; fileRef = D81618602BBBD42000644A0B /* Main.storyboard */; };
		D81618642BBBD42100644A0B /* Assets.xcassets in Resources */ = {isa = PBXBuildFile; fileRef = D81618632BBBD42100644A0B /* Assets.xcassets */; };
		D81618672BBBD42100644A0B /* LaunchScreen.storyboard in Resources */ = {isa = PBXBuildFile; fileRef = D81618652BBBD42100644A0B /* LaunchScreen.storyboard */; };
		D83459572BC7AFE100046A9C /* PosterCellCollectionViewCell.swift in Sources */ = {isa = PBXBuildFile; fileRef = D83459562BC7AFE100046A9C /* PosterCellCollectionViewCell.swift */; };
		D834596F2BC8098F00046A9C /* SDWebImage in Frameworks */ = {isa = PBXBuildFile; productRef = D834596E2BC8098F00046A9C /* SDWebImage */; };
		D83459712BC8098F00046A9C /* SDWebImageMapKit in Frameworks */ = {isa = PBXBuildFile; productRef = D83459702BC8098F00046A9C /* SDWebImageMapKit */; };
		D878A41C2BC68AFF00F8C5A7 /* HomeScreen.storyboard in Resources */ = {isa = PBXBuildFile; fileRef = D878A41B2BC68AFF00F8C5A7 /* HomeScreen.storyboard */; };
		D885DCC42BC50B3100C2CFBE /* PopularMovies-ViewModel.swift in Sources */ = {isa = PBXBuildFile; fileRef = D885DCC32BC50B3100C2CFBE /* PopularMovies-ViewModel.swift */; };
		D885DCC62BC50B4100C2CFBE /* PopularMovies-Repository.swift in Sources */ = {isa = PBXBuildFile; fileRef = D885DCC52BC50B4100C2CFBE /* PopularMovies-Repository.swift */; };
		D885DCC82BC50B5400C2CFBE /* PopularMovies-Model.swift in Sources */ = {isa = PBXBuildFile; fileRef = D885DCC72BC50B5400C2CFBE /* PopularMovies-Model.swift */; };
		D885DCCB2BC511FD00C2CFBE /* TopRated-ViewModel.swift in Sources */ = {isa = PBXBuildFile; fileRef = D885DCCA2BC511FD00C2CFBE /* TopRated-ViewModel.swift */; };
		D885DCCD2BC5120C00C2CFBE /* TopRated-Repository.swift in Sources */ = {isa = PBXBuildFile; fileRef = D885DCCC2BC5120C00C2CFBE /* TopRated-Repository.swift */; };
		D885DCCF2BC5121A00C2CFBE /* TopRated-Model.swift in Sources */ = {isa = PBXBuildFile; fileRef = D885DCCE2BC5121A00C2CFBE /* TopRated-Model.swift */; };
		D885DCD22BC5146F00C2CFBE /* UpcomingMovies-ViewModel.swift in Sources */ = {isa = PBXBuildFile; fileRef = D885DCD12BC5146F00C2CFBE /* UpcomingMovies-ViewModel.swift */; };
		D885DCD42BC5147D00C2CFBE /* UpcomingMovies-Repository.swift in Sources */ = {isa = PBXBuildFile; fileRef = D885DCD32BC5147D00C2CFBE /* UpcomingMovies-Repository.swift */; };
		D885DCD62BC5148D00C2CFBE /* UpcomingMovies-Model.swift in Sources */ = {isa = PBXBuildFile; fileRef = D885DCD52BC5148D00C2CFBE /* UpcomingMovies-Model.swift */; };
		D8A8B9242BC3D6E700EB2D13 /* NetworkManager.swift in Sources */ = {isa = PBXBuildFile; fileRef = D8A8B9232BC3D6E700EB2D13 /* NetworkManager.swift */; };
		D8A8B9262BC3D6F200EB2D13 /* Constants.swift in Sources */ = {isa = PBXBuildFile; fileRef = D8A8B9252BC3D6F200EB2D13 /* Constants.swift */; };
		D8A8B92A2BC3E62F00EB2D13 /* NowPlaying-ViewModel.swift in Sources */ = {isa = PBXBuildFile; fileRef = D8A8B9292BC3E62F00EB2D13 /* NowPlaying-ViewModel.swift */; };
		D8A8B92C2BC3E63F00EB2D13 /* NowPlaying-Repository.swift in Sources */ = {isa = PBXBuildFile; fileRef = D8A8B92B2BC3E63F00EB2D13 /* NowPlaying-Repository.swift */; };
		D8A8B92E2BC3E66500EB2D13 /* NowPlaying-Model.swift in Sources */ = {isa = PBXBuildFile; fileRef = D8A8B92D2BC3E66500EB2D13 /* NowPlaying-Model.swift */; };
		D8A8B93C2BC3F97E00EB2D13 /* GetMovieDetails-ViewController.swift in Sources */ = {isa = PBXBuildFile; fileRef = D8A8B93B2BC3F97E00EB2D13 /* GetMovieDetails-ViewController.swift */; };
		D8A8B93E2BC3F98C00EB2D13 /* GetMovieDetails-ViewModel.swift in Sources */ = {isa = PBXBuildFile; fileRef = D8A8B93D2BC3F98C00EB2D13 /* GetMovieDetails-ViewModel.swift */; };
		D8A8B9402BC3F99900EB2D13 /* GetMovieDetails-Repository.swift in Sources */ = {isa = PBXBuildFile; fileRef = D8A8B93F2BC3F99900EB2D13 /* GetMovieDetails-Repository.swift */; };
		D8A8B9422BC3F9A400EB2D13 /* GetMovieDetails-Model.swift in Sources */ = {isa = PBXBuildFile; fileRef = D8A8B9412BC3F9A400EB2D13 /* GetMovieDetails-Model.swift */; };
		D8A8B9442BC3FB1000EB2D13 /* MovieDetailsCard.storyboard in Resources */ = {isa = PBXBuildFile; fileRef = D8A8B9432BC3FB1000EB2D13 /* MovieDetailsCard.storyboard */; };
/* End PBXBuildFile section */

/* Begin PBXFileReference section */
		D80C327F2BC6667F00CCE1A0 /* SearchMovies-ViewController.swift */ = {isa = PBXFileReference; lastKnownFileType = sourcecode.swift; path = "SearchMovies-ViewController.swift"; sourceTree = "<group>"; };
		D80C32812BC6668F00CCE1A0 /* SearchMovies-ViewModel.swift */ = {isa = PBXFileReference; lastKnownFileType = sourcecode.swift; path = "SearchMovies-ViewModel.swift"; sourceTree = "<group>"; };
		D80C32832BC6669F00CCE1A0 /* SearchMovies-Repository.swift */ = {isa = PBXFileReference; lastKnownFileType = sourcecode.swift; path = "SearchMovies-Repository.swift"; sourceTree = "<group>"; };
		D80C32852BC666AA00CCE1A0 /* SearchMovies-Model.swift */ = {isa = PBXFileReference; lastKnownFileType = sourcecode.swift; path = "SearchMovies-Model.swift"; sourceTree = "<group>"; };
		D80C32872BC66ADB00CCE1A0 /* SearchMovieScreen.storyboard */ = {isa = PBXFileReference; lastKnownFileType = file.storyboard; path = SearchMovieScreen.storyboard; sourceTree = "<group>"; };
		D81618572BBBD42000644A0B /* MovieAppPetProject.app */ = {isa = PBXFileReference; explicitFileType = wrapper.application; includeInIndex = 0; path = MovieAppPetProject.app; sourceTree = BUILT_PRODUCTS_DIR; };
		D816185A2BBBD42000644A0B /* AppDelegate.swift */ = {isa = PBXFileReference; lastKnownFileType = sourcecode.swift; path = AppDelegate.swift; sourceTree = "<group>"; };
		D816185C2BBBD42000644A0B /* SceneDelegate.swift */ = {isa = PBXFileReference; lastKnownFileType = sourcecode.swift; path = SceneDelegate.swift; sourceTree = "<group>"; };
		D816185E2BBBD42000644A0B /* HomeScreen-ViewController.swift */ = {isa = PBXFileReference; lastKnownFileType = sourcecode.swift; path = "HomeScreen-ViewController.swift"; sourceTree = "<group>"; };
		D81618612BBBD42000644A0B /* Base */ = {isa = PBXFileReference; lastKnownFileType = file.storyboard; name = Base; path = Base.lproj/Main.storyboard; sourceTree = "<group>"; };
		D81618632BBBD42100644A0B /* Assets.xcassets */ = {isa = PBXFileReference; lastKnownFileType = folder.assetcatalog; path = Assets.xcassets; sourceTree = "<group>"; };
		D81618662BBBD42100644A0B /* Base */ = {isa = PBXFileReference; lastKnownFileType = file.storyboard; name = Base; path = Base.lproj/LaunchScreen.storyboard; sourceTree = "<group>"; };
		D81618682BBBD42100644A0B /* Info.plist */ = {isa = PBXFileReference; lastKnownFileType = text.plist.xml; path = Info.plist; sourceTree = "<group>"; };
		D83459562BC7AFE100046A9C /* PosterCellCollectionViewCell.swift */ = {isa = PBXFileReference; lastKnownFileType = sourcecode.swift; path = PosterCellCollectionViewCell.swift; sourceTree = "<group>"; };
		D878A41B2BC68AFF00F8C5A7 /* HomeScreen.storyboard */ = {isa = PBXFileReference; lastKnownFileType = file.storyboard; path = HomeScreen.storyboard; sourceTree = "<group>"; };
		D885DCC32BC50B3100C2CFBE /* PopularMovies-ViewModel.swift */ = {isa = PBXFileReference; lastKnownFileType = sourcecode.swift; path = "PopularMovies-ViewModel.swift"; sourceTree = "<group>"; };
		D885DCC52BC50B4100C2CFBE /* PopularMovies-Repository.swift */ = {isa = PBXFileReference; lastKnownFileType = sourcecode.swift; path = "PopularMovies-Repository.swift"; sourceTree = "<group>"; };
		D885DCC72BC50B5400C2CFBE /* PopularMovies-Model.swift */ = {isa = PBXFileReference; lastKnownFileType = sourcecode.swift; path = "PopularMovies-Model.swift"; sourceTree = "<group>"; };
		D885DCCA2BC511FD00C2CFBE /* TopRated-ViewModel.swift */ = {isa = PBXFileReference; lastKnownFileType = sourcecode.swift; path = "TopRated-ViewModel.swift"; sourceTree = "<group>"; };
		D885DCCC2BC5120C00C2CFBE /* TopRated-Repository.swift */ = {isa = PBXFileReference; lastKnownFileType = sourcecode.swift; path = "TopRated-Repository.swift"; sourceTree = "<group>"; };
		D885DCCE2BC5121A00C2CFBE /* TopRated-Model.swift */ = {isa = PBXFileReference; lastKnownFileType = sourcecode.swift; path = "TopRated-Model.swift"; sourceTree = "<group>"; };
		D885DCD12BC5146F00C2CFBE /* UpcomingMovies-ViewModel.swift */ = {isa = PBXFileReference; lastKnownFileType = sourcecode.swift; path = "UpcomingMovies-ViewModel.swift"; sourceTree = "<group>"; };
		D885DCD32BC5147D00C2CFBE /* UpcomingMovies-Repository.swift */ = {isa = PBXFileReference; lastKnownFileType = sourcecode.swift; path = "UpcomingMovies-Repository.swift"; sourceTree = "<group>"; };
		D885DCD52BC5148D00C2CFBE /* UpcomingMovies-Model.swift */ = {isa = PBXFileReference; lastKnownFileType = sourcecode.swift; path = "UpcomingMovies-Model.swift"; sourceTree = "<group>"; };
		D8A8B9232BC3D6E700EB2D13 /* NetworkManager.swift */ = {isa = PBXFileReference; lastKnownFileType = sourcecode.swift; path = NetworkManager.swift; sourceTree = "<group>"; };
		D8A8B9252BC3D6F200EB2D13 /* Constants.swift */ = {isa = PBXFileReference; lastKnownFileType = sourcecode.swift; path = Constants.swift; sourceTree = "<group>"; };
		D8A8B9292BC3E62F00EB2D13 /* NowPlaying-ViewModel.swift */ = {isa = PBXFileReference; lastKnownFileType = sourcecode.swift; path = "NowPlaying-ViewModel.swift"; sourceTree = "<group>"; };
		D8A8B92B2BC3E63F00EB2D13 /* NowPlaying-Repository.swift */ = {isa = PBXFileReference; lastKnownFileType = sourcecode.swift; path = "NowPlaying-Repository.swift"; sourceTree = "<group>"; };
		D8A8B92D2BC3E66500EB2D13 /* NowPlaying-Model.swift */ = {isa = PBXFileReference; lastKnownFileType = sourcecode.swift; path = "NowPlaying-Model.swift"; sourceTree = "<group>"; };
		D8A8B93B2BC3F97E00EB2D13 /* GetMovieDetails-ViewController.swift */ = {isa = PBXFileReference; lastKnownFileType = sourcecode.swift; path = "GetMovieDetails-ViewController.swift"; sourceTree = "<group>"; };
		D8A8B93D2BC3F98C00EB2D13 /* GetMovieDetails-ViewModel.swift */ = {isa = PBXFileReference; lastKnownFileType = sourcecode.swift; path = "GetMovieDetails-ViewModel.swift"; sourceTree = "<group>"; };
		D8A8B93F2BC3F99900EB2D13 /* GetMovieDetails-Repository.swift */ = {isa = PBXFileReference; lastKnownFileType = sourcecode.swift; path = "GetMovieDetails-Repository.swift"; sourceTree = "<group>"; };
		D8A8B9412BC3F9A400EB2D13 /* GetMovieDetails-Model.swift */ = {isa = PBXFileReference; lastKnownFileType = sourcecode.swift; path = "GetMovieDetails-Model.swift"; sourceTree = "<group>"; };
		D8A8B9432BC3FB1000EB2D13 /* MovieDetailsCard.storyboard */ = {isa = PBXFileReference; lastKnownFileType = file.storyboard; path = MovieDetailsCard.storyboard; sourceTree = "<group>"; };
/* End PBXFileReference section */

/* Begin PBXFrameworksBuildPhase section */
		D81618542BBBD42000644A0B /* Frameworks */ = {
			isa = PBXFrameworksBuildPhase;
			buildActionMask = 2147483647;
			files = (
				D83459712BC8098F00046A9C /* SDWebImageMapKit in Frameworks */,
				D834596F2BC8098F00046A9C /* SDWebImage in Frameworks */,
			);
			runOnlyForDeploymentPostprocessing = 0;
		};
/* End PBXFrameworksBuildPhase section */

/* Begin PBXGroup section */
		D80C327E2BC665C400CCE1A0 /* SearchMovies */ = {
			isa = PBXGroup;
			children = (
				D80C327F2BC6667F00CCE1A0 /* SearchMovies-ViewController.swift */,
				D80C32812BC6668F00CCE1A0 /* SearchMovies-ViewModel.swift */,
				D80C32832BC6669F00CCE1A0 /* SearchMovies-Repository.swift */,
				D80C32852BC666AA00CCE1A0 /* SearchMovies-Model.swift */,
				D80C32872BC66ADB00CCE1A0 /* SearchMovieScreen.storyboard */,
			);
			path = SearchMovies;
			sourceTree = "<group>";
		};
		D816184E2BBBD42000644A0B = {
			isa = PBXGroup;
			children = (
				D81618592BBBD42000644A0B /* MovieAppPetProject */,
				D81618582BBBD42000644A0B /* Products */,
			);
			sourceTree = "<group>";
		};
		D81618582BBBD42000644A0B /* Products */ = {
			isa = PBXGroup;
			children = (
				D81618572BBBD42000644A0B /* MovieAppPetProject.app */,
			);
			name = Products;
			sourceTree = "<group>";
		};
		D81618592BBBD42000644A0B /* MovieAppPetProject */ = {
			isa = PBXGroup;
			children = (
				D83459582BC7C55A00046A9C /* MockPosters */,
				D8A8B9222BC3D6C500EB2D13 /* Network */,
				D885DCC12BC50A7600C2CFBE /* HomeScreen */,
				D8A8B93A2BC3F94500EB2D13 /* GetMovieDetailsByID */,
				D80C327E2BC665C400CCE1A0 /* SearchMovies */,
				D816185A2BBBD42000644A0B /* AppDelegate.swift */,
				D816185C2BBBD42000644A0B /* SceneDelegate.swift */,
				D81618632BBBD42100644A0B /* Assets.xcassets */,
				D81618652BBBD42100644A0B /* LaunchScreen.storyboard */,
				D81618602BBBD42000644A0B /* Main.storyboard */,
				D81618682BBBD42100644A0B /* Info.plist */,
			);
			path = MovieAppPetProject;
			sourceTree = "<group>";
		};
		D83459582BC7C55A00046A9C /* MockPosters */ = {
			isa = PBXGroup;
			children = (
			);
			path = MockPosters;
			sourceTree = "<group>";
		};
		D885DCC12BC50A7600C2CFBE /* HomeScreen */ = {
			isa = PBXGroup;
			children = (
				D83459562BC7AFE100046A9C /* PosterCellCollectionViewCell.swift */,
				D878A41B2BC68AFF00F8C5A7 /* HomeScreen.storyboard */,
				D816185E2BBBD42000644A0B /* HomeScreen-ViewController.swift */,
				D885DCD02BC5143900C2CFBE /* HomeScreenUpcomingMovies */,
				D885DCC92BC511BE00C2CFBE /* HomeScreenTopRated */,
				D885DCC22BC50AAB00C2CFBE /* HomeScreenPopular */,
				D8A8B9282BC3E5C800EB2D13 /* HomeScreenNowPlaying */,
			);
			path = HomeScreen;
			sourceTree = "<group>";
		};
		D885DCC22BC50AAB00C2CFBE /* HomeScreenPopular */ = {
			isa = PBXGroup;
			children = (
				D885DCC32BC50B3100C2CFBE /* PopularMovies-ViewModel.swift */,
				D885DCC52BC50B4100C2CFBE /* PopularMovies-Repository.swift */,
				D885DCC72BC50B5400C2CFBE /* PopularMovies-Model.swift */,
			);
			path = HomeScreenPopular;
			sourceTree = "<group>";
		};
		D885DCC92BC511BE00C2CFBE /* HomeScreenTopRated */ = {
			isa = PBXGroup;
			children = (
				D885DCCA2BC511FD00C2CFBE /* TopRated-ViewModel.swift */,
				D885DCCC2BC5120C00C2CFBE /* TopRated-Repository.swift */,
				D885DCCE2BC5121A00C2CFBE /* TopRated-Model.swift */,
			);
			path = HomeScreenTopRated;
			sourceTree = "<group>";
		};
		D885DCD02BC5143900C2CFBE /* HomeScreenUpcomingMovies */ = {
			isa = PBXGroup;
			children = (
				D885DCD12BC5146F00C2CFBE /* UpcomingMovies-ViewModel.swift */,
				D885DCD32BC5147D00C2CFBE /* UpcomingMovies-Repository.swift */,
				D885DCD52BC5148D00C2CFBE /* UpcomingMovies-Model.swift */,
			);
			path = HomeScreenUpcomingMovies;
			sourceTree = "<group>";
		};
		D8A8B9222BC3D6C500EB2D13 /* Network */ = {
			isa = PBXGroup;
			children = (
				D8A8B9232BC3D6E700EB2D13 /* NetworkManager.swift */,
				D8A8B9252BC3D6F200EB2D13 /* Constants.swift */,
			);
			path = Network;
			sourceTree = "<group>";
		};
		D8A8B9282BC3E5C800EB2D13 /* HomeScreenNowPlaying */ = {
			isa = PBXGroup;
			children = (
				D8A8B9292BC3E62F00EB2D13 /* NowPlaying-ViewModel.swift */,
				D8A8B92B2BC3E63F00EB2D13 /* NowPlaying-Repository.swift */,
				D8A8B92D2BC3E66500EB2D13 /* NowPlaying-Model.swift */,
			);
			path = HomeScreenNowPlaying;
			sourceTree = "<group>";
		};
		D8A8B93A2BC3F94500EB2D13 /* GetMovieDetailsByID */ = {
			isa = PBXGroup;
			children = (
				D8A8B93B2BC3F97E00EB2D13 /* GetMovieDetails-ViewController.swift */,
				D8A8B93D2BC3F98C00EB2D13 /* GetMovieDetails-ViewModel.swift */,
				D8A8B93F2BC3F99900EB2D13 /* GetMovieDetails-Repository.swift */,
				D8A8B9412BC3F9A400EB2D13 /* GetMovieDetails-Model.swift */,
				D8A8B9432BC3FB1000EB2D13 /* MovieDetailsCard.storyboard */,
			);
			path = GetMovieDetailsByID;
			sourceTree = "<group>";
		};
/* End PBXGroup section */

/* Begin PBXNativeTarget section */
		D81618562BBBD42000644A0B /* MovieAppPetProject */ = {
			isa = PBXNativeTarget;
			buildConfigurationList = D816186B2BBBD42100644A0B /* Build configuration list for PBXNativeTarget "MovieAppPetProject" */;
			buildPhases = (
				D8A8B9272BC3DCC100EB2D13 /* Run SwiftLint */,
				D81618532BBBD42000644A0B /* Sources */,
				D81618542BBBD42000644A0B /* Frameworks */,
				D81618552BBBD42000644A0B /* Resources */,
			);
			buildRules = (
			);
			dependencies = (
			);
			name = MovieAppPetProject;
			packageProductDependencies = (
				D834596E2BC8098F00046A9C /* SDWebImage */,
				D83459702BC8098F00046A9C /* SDWebImageMapKit */,
			);
			productName = MovieAppPetProject;
			productReference = D81618572BBBD42000644A0B /* MovieAppPetProject.app */;
			productType = "com.apple.product-type.application";
		};
/* End PBXNativeTarget section */

/* Begin PBXProject section */
		D816184F2BBBD42000644A0B /* Project object */ = {
			isa = PBXProject;
			attributes = {
				BuildIndependentTargetsInParallel = 1;
				LastSwiftUpdateCheck = 1520;
				LastUpgradeCheck = 1520;
				TargetAttributes = {
					D81618562BBBD42000644A0B = {
						CreatedOnToolsVersion = 15.2;
					};
				};
			};
			buildConfigurationList = D81618522BBBD42000644A0B /* Build configuration list for PBXProject "MovieAppPetProject" */;
			compatibilityVersion = "Xcode 14.0";
			developmentRegion = en;
			hasScannedForEncodings = 0;
			knownRegions = (
				en,
				Base,
			);
			mainGroup = D816184E2BBBD42000644A0B;
			packageReferences = (
				D834596D2BC8098F00046A9C /* XCRemoteSwiftPackageReference "SDWebImage" */,
			);
			productRefGroup = D81618582BBBD42000644A0B /* Products */;
			projectDirPath = "";
			projectRoot = "";
			targets = (
				D81618562BBBD42000644A0B /* MovieAppPetProject */,
			);
		};
/* End PBXProject section */

/* Begin PBXResourcesBuildPhase section */
		D81618552BBBD42000644A0B /* Resources */ = {
			isa = PBXResourcesBuildPhase;
			buildActionMask = 2147483647;
			files = (
				D81618672BBBD42100644A0B /* LaunchScreen.storyboard in Resources */,
				D81618642BBBD42100644A0B /* Assets.xcassets in Resources */,
				D8A8B9442BC3FB1000EB2D13 /* MovieDetailsCard.storyboard in Resources */,
				D878A41C2BC68AFF00F8C5A7 /* HomeScreen.storyboard in Resources */,
				D81618622BBBD42000644A0B /* Main.storyboard in Resources */,
				D80C32882BC66ADB00CCE1A0 /* SearchMovieScreen.storyboard in Resources */,
			);
			runOnlyForDeploymentPostprocessing = 0;
		};
/* End PBXResourcesBuildPhase section */

/* Begin PBXShellScriptBuildPhase section */
		D8A8B9272BC3DCC100EB2D13 /* Run SwiftLint */ = {
			isa = PBXShellScriptBuildPhase;
			buildActionMask = 2147483647;
			files = (
			);
			inputFileListPaths = (
			);
			inputPaths = (
			);
			name = "Run SwiftLint";
			outputFileListPaths = (
			);
			outputPaths = (
			);
			runOnlyForDeploymentPostprocessing = 0;
			shellPath = /bin/sh;
			shellScript = "if [[ \"$(uname -m)\" == arm64 ]]; then\n    export PATH=\"/opt/homebrew/bin:$PATH\"\nfi\n \nif which swiftlint > /dev/null; then\n  swiftlint\nelse\n  echo \"warning: SwiftLint not installed, download from https://github.com/realm/SwiftLint\"\nfi\n\n";
		};
/* End PBXShellScriptBuildPhase section */

/* Begin PBXSourcesBuildPhase section */
		D81618532BBBD42000644A0B /* Sources */ = {
			isa = PBXSourcesBuildPhase;
			buildActionMask = 2147483647;
			files = (
				D885DCD62BC5148D00C2CFBE /* UpcomingMovies-Model.swift in Sources */,
				D8A8B9402BC3F99900EB2D13 /* GetMovieDetails-Repository.swift in Sources */,
				D885DCC82BC50B5400C2CFBE /* PopularMovies-Model.swift in Sources */,
				D8A8B92A2BC3E62F00EB2D13 /* NowPlaying-ViewModel.swift in Sources */,
				D885DCC62BC50B4100C2CFBE /* PopularMovies-Repository.swift in Sources */,
				D83459572BC7AFE100046A9C /* PosterCellCollectionViewCell.swift in Sources */,
				D8A8B9262BC3D6F200EB2D13 /* Constants.swift in Sources */,
				D8A8B9242BC3D6E700EB2D13 /* NetworkManager.swift in Sources */,
				D816185F2BBBD42000644A0B /* HomeScreen-ViewController.swift in Sources */,
				D885DCC42BC50B3100C2CFBE /* PopularMovies-ViewModel.swift in Sources */,
				D816185B2BBBD42000644A0B /* AppDelegate.swift in Sources */,
				D885DCD22BC5146F00C2CFBE /* UpcomingMovies-ViewModel.swift in Sources */,
				D8A8B93E2BC3F98C00EB2D13 /* GetMovieDetails-ViewModel.swift in Sources */,
				D816185D2BBBD42000644A0B /* SceneDelegate.swift in Sources */,
				D885DCD42BC5147D00C2CFBE /* UpcomingMovies-Repository.swift in Sources */,
				D80C32842BC6669F00CCE1A0 /* SearchMovies-Repository.swift in Sources */,
				D8A8B92C2BC3E63F00EB2D13 /* NowPlaying-Repository.swift in Sources */,
				D80C32822BC6668F00CCE1A0 /* SearchMovies-ViewModel.swift in Sources */,
				D885DCCD2BC5120C00C2CFBE /* TopRated-Repository.swift in Sources */,
				D8A8B92E2BC3E66500EB2D13 /* NowPlaying-Model.swift in Sources */,
				D8A8B9422BC3F9A400EB2D13 /* GetMovieDetails-Model.swift in Sources */,
				D80C32862BC666AA00CCE1A0 /* SearchMovies-Model.swift in Sources */,
				D8A8B93C2BC3F97E00EB2D13 /* GetMovieDetails-ViewController.swift in Sources */,
				D80C32802BC6667F00CCE1A0 /* SearchMovies-ViewController.swift in Sources */,
				D885DCCF2BC5121A00C2CFBE /* TopRated-Model.swift in Sources */,
				D885DCCB2BC511FD00C2CFBE /* TopRated-ViewModel.swift in Sources */,
			);
			runOnlyForDeploymentPostprocessing = 0;
		};
/* End PBXSourcesBuildPhase section */

/* Begin PBXVariantGroup section */
		D81618602BBBD42000644A0B /* Main.storyboard */ = {
			isa = PBXVariantGroup;
			children = (
				D81618612BBBD42000644A0B /* Base */,
			);
			name = Main.storyboard;
			sourceTree = "<group>";
		};
		D81618652BBBD42100644A0B /* LaunchScreen.storyboard */ = {
			isa = PBXVariantGroup;
			children = (
				D81618662BBBD42100644A0B /* Base */,
			);
			name = LaunchScreen.storyboard;
			sourceTree = "<group>";
		};
/* End PBXVariantGroup section */

/* Begin XCBuildConfiguration section */
		D81618692BBBD42100644A0B /* Debug */ = {
			isa = XCBuildConfiguration;
			buildSettings = {
				ALWAYS_SEARCH_USER_PATHS = NO;
				ASSETCATALOG_COMPILER_GENERATE_SWIFT_ASSET_SYMBOL_EXTENSIONS = YES;
				CLANG_ANALYZER_NONNULL = YES;
				CLANG_ANALYZER_NUMBER_OBJECT_CONVERSION = YES_AGGRESSIVE;
				CLANG_CXX_LANGUAGE_STANDARD = "gnu++20";
				CLANG_ENABLE_MODULES = YES;
				CLANG_ENABLE_OBJC_ARC = YES;
				CLANG_ENABLE_OBJC_WEAK = YES;
				CLANG_WARN_BLOCK_CAPTURE_AUTORELEASING = YES;
				CLANG_WARN_BOOL_CONVERSION = YES;
				CLANG_WARN_COMMA = YES;
				CLANG_WARN_CONSTANT_CONVERSION = YES;
				CLANG_WARN_DEPRECATED_OBJC_IMPLEMENTATIONS = YES;
				CLANG_WARN_DIRECT_OBJC_ISA_USAGE = YES_ERROR;
				CLANG_WARN_DOCUMENTATION_COMMENTS = YES;
				CLANG_WARN_EMPTY_BODY = YES;
				CLANG_WARN_ENUM_CONVERSION = YES;
				CLANG_WARN_INFINITE_RECURSION = YES;
				CLANG_WARN_INT_CONVERSION = YES;
				CLANG_WARN_NON_LITERAL_NULL_CONVERSION = YES;
				CLANG_WARN_OBJC_IMPLICIT_RETAIN_SELF = YES;
				CLANG_WARN_OBJC_LITERAL_CONVERSION = YES;
				CLANG_WARN_OBJC_ROOT_CLASS = YES_ERROR;
				CLANG_WARN_QUOTED_INCLUDE_IN_FRAMEWORK_HEADER = YES;
				CLANG_WARN_RANGE_LOOP_ANALYSIS = YES;
				CLANG_WARN_STRICT_PROTOTYPES = YES;
				CLANG_WARN_SUSPICIOUS_MOVE = YES;
				CLANG_WARN_UNGUARDED_AVAILABILITY = YES_AGGRESSIVE;
				CLANG_WARN_UNREACHABLE_CODE = YES;
				CLANG_WARN__DUPLICATE_METHOD_MATCH = YES;
				COPY_PHASE_STRIP = NO;
				DEBUG_INFORMATION_FORMAT = dwarf;
				ENABLE_STRICT_OBJC_MSGSEND = YES;
				ENABLE_TESTABILITY = YES;
				ENABLE_USER_SCRIPT_SANDBOXING = NO;
				GCC_C_LANGUAGE_STANDARD = gnu17;
				GCC_DYNAMIC_NO_PIC = NO;
				GCC_NO_COMMON_BLOCKS = YES;
				GCC_OPTIMIZATION_LEVEL = 0;
				GCC_PREPROCESSOR_DEFINITIONS = (
					"DEBUG=1",
					"$(inherited)",
				);
				GCC_WARN_64_TO_32_BIT_CONVERSION = YES;
				GCC_WARN_ABOUT_RETURN_TYPE = YES_ERROR;
				GCC_WARN_UNDECLARED_SELECTOR = YES;
				GCC_WARN_UNINITIALIZED_AUTOS = YES_AGGRESSIVE;
				GCC_WARN_UNUSED_FUNCTION = YES;
				GCC_WARN_UNUSED_VARIABLE = YES;
				IPHONEOS_DEPLOYMENT_TARGET = 17.2;
				LOCALIZATION_PREFERS_STRING_CATALOGS = YES;
				MTL_ENABLE_DEBUG_INFO = INCLUDE_SOURCE;
				MTL_FAST_MATH = YES;
				ONLY_ACTIVE_ARCH = YES;
				SDKROOT = iphoneos;
				SWIFT_ACTIVE_COMPILATION_CONDITIONS = "DEBUG $(inherited)";
				SWIFT_OPTIMIZATION_LEVEL = "-Onone";
			};
			name = Debug;
		};
		D816186A2BBBD42100644A0B /* Release */ = {
			isa = XCBuildConfiguration;
			buildSettings = {
				ALWAYS_SEARCH_USER_PATHS = NO;
				ASSETCATALOG_COMPILER_GENERATE_SWIFT_ASSET_SYMBOL_EXTENSIONS = YES;
				CLANG_ANALYZER_NONNULL = YES;
				CLANG_ANALYZER_NUMBER_OBJECT_CONVERSION = YES_AGGRESSIVE;
				CLANG_CXX_LANGUAGE_STANDARD = "gnu++20";
				CLANG_ENABLE_MODULES = YES;
				CLANG_ENABLE_OBJC_ARC = YES;
				CLANG_ENABLE_OBJC_WEAK = YES;
				CLANG_WARN_BLOCK_CAPTURE_AUTORELEASING = YES;
				CLANG_WARN_BOOL_CONVERSION = YES;
				CLANG_WARN_COMMA = YES;
				CLANG_WARN_CONSTANT_CONVERSION = YES;
				CLANG_WARN_DEPRECATED_OBJC_IMPLEMENTATIONS = YES;
				CLANG_WARN_DIRECT_OBJC_ISA_USAGE = YES_ERROR;
				CLANG_WARN_DOCUMENTATION_COMMENTS = YES;
				CLANG_WARN_EMPTY_BODY = YES;
				CLANG_WARN_ENUM_CONVERSION = YES;
				CLANG_WARN_INFINITE_RECURSION = YES;
				CLANG_WARN_INT_CONVERSION = YES;
				CLANG_WARN_NON_LITERAL_NULL_CONVERSION = YES;
				CLANG_WARN_OBJC_IMPLICIT_RETAIN_SELF = YES;
				CLANG_WARN_OBJC_LITERAL_CONVERSION = YES;
				CLANG_WARN_OBJC_ROOT_CLASS = YES_ERROR;
				CLANG_WARN_QUOTED_INCLUDE_IN_FRAMEWORK_HEADER = YES;
				CLANG_WARN_RANGE_LOOP_ANALYSIS = YES;
				CLANG_WARN_STRICT_PROTOTYPES = YES;
				CLANG_WARN_SUSPICIOUS_MOVE = YES;
				CLANG_WARN_UNGUARDED_AVAILABILITY = YES_AGGRESSIVE;
				CLANG_WARN_UNREACHABLE_CODE = YES;
				CLANG_WARN__DUPLICATE_METHOD_MATCH = YES;
				COPY_PHASE_STRIP = NO;
				DEBUG_INFORMATION_FORMAT = "dwarf-with-dsym";
				ENABLE_NS_ASSERTIONS = NO;
				ENABLE_STRICT_OBJC_MSGSEND = YES;
				ENABLE_USER_SCRIPT_SANDBOXING = NO;
				GCC_C_LANGUAGE_STANDARD = gnu17;
				GCC_NO_COMMON_BLOCKS = YES;
				GCC_WARN_64_TO_32_BIT_CONVERSION = YES;
				GCC_WARN_ABOUT_RETURN_TYPE = YES_ERROR;
				GCC_WARN_UNDECLARED_SELECTOR = YES;
				GCC_WARN_UNINITIALIZED_AUTOS = YES_AGGRESSIVE;
				GCC_WARN_UNUSED_FUNCTION = YES;
				GCC_WARN_UNUSED_VARIABLE = YES;
				IPHONEOS_DEPLOYMENT_TARGET = 17.2;
				LOCALIZATION_PREFERS_STRING_CATALOGS = YES;
				MTL_ENABLE_DEBUG_INFO = NO;
				MTL_FAST_MATH = YES;
				SDKROOT = iphoneos;
				SWIFT_COMPILATION_MODE = wholemodule;
				VALIDATE_PRODUCT = YES;
			};
			name = Release;
		};
		D816186C2BBBD42100644A0B /* Debug */ = {
			isa = XCBuildConfiguration;
			buildSettings = {
				ASSETCATALOG_COMPILER_APPICON_NAME = AppIcon;
				ASSETCATALOG_COMPILER_GLOBAL_ACCENT_COLOR_NAME = AccentColor;
				CODE_SIGN_STYLE = Automatic;
				CURRENT_PROJECT_VERSION = 1;
				DEVELOPMENT_TEAM = 84BCXK2DR9;
				GENERATE_INFOPLIST_FILE = YES;
				INFOPLIST_FILE = MovieAppPetProject/Info.plist;
				INFOPLIST_KEY_UIApplicationSupportsIndirectInputEvents = YES;
				INFOPLIST_KEY_UILaunchStoryboardName = LaunchScreen;
				INFOPLIST_KEY_UIMainStoryboardFile = Main;
				INFOPLIST_KEY_UISupportedInterfaceOrientations_iPad = "UIInterfaceOrientationPortrait UIInterfaceOrientationPortraitUpsideDown UIInterfaceOrientationLandscapeLeft UIInterfaceOrientationLandscapeRight";
				INFOPLIST_KEY_UISupportedInterfaceOrientations_iPhone = "UIInterfaceOrientationPortrait UIInterfaceOrientationLandscapeLeft UIInterfaceOrientationLandscapeRight";
				LD_RUNPATH_SEARCH_PATHS = (
					"$(inherited)",
					"@executable_path/Frameworks",
				);
				MARKETING_VERSION = 1.0;
				PRODUCT_BUNDLE_IDENTIFIER = com.dvt.sjacobs.MovieAppPetProject;
				PRODUCT_NAME = "$(TARGET_NAME)";
				SWIFT_EMIT_LOC_STRINGS = YES;
				SWIFT_VERSION = 5.0;
				TARGETED_DEVICE_FAMILY = "1,2";
			};
			name = Debug;
		};
		D816186D2BBBD42100644A0B /* Release */ = {
			isa = XCBuildConfiguration;
			buildSettings = {
				ASSETCATALOG_COMPILER_APPICON_NAME = AppIcon;
				ASSETCATALOG_COMPILER_GLOBAL_ACCENT_COLOR_NAME = AccentColor;
				CODE_SIGN_STYLE = Automatic;
				CURRENT_PROJECT_VERSION = 1;
				DEVELOPMENT_TEAM = 84BCXK2DR9;
				GENERATE_INFOPLIST_FILE = YES;
				INFOPLIST_FILE = MovieAppPetProject/Info.plist;
				INFOPLIST_KEY_UIApplicationSupportsIndirectInputEvents = YES;
				INFOPLIST_KEY_UILaunchStoryboardName = LaunchScreen;
				INFOPLIST_KEY_UIMainStoryboardFile = Main;
				INFOPLIST_KEY_UISupportedInterfaceOrientations_iPad = "UIInterfaceOrientationPortrait UIInterfaceOrientationPortraitUpsideDown UIInterfaceOrientationLandscapeLeft UIInterfaceOrientationLandscapeRight";
				INFOPLIST_KEY_UISupportedInterfaceOrientations_iPhone = "UIInterfaceOrientationPortrait UIInterfaceOrientationLandscapeLeft UIInterfaceOrientationLandscapeRight";
				LD_RUNPATH_SEARCH_PATHS = (
					"$(inherited)",
					"@executable_path/Frameworks",
				);
				MARKETING_VERSION = 1.0;
				PRODUCT_BUNDLE_IDENTIFIER = com.dvt.sjacobs.MovieAppPetProject;
				PRODUCT_NAME = "$(TARGET_NAME)";
				SWIFT_EMIT_LOC_STRINGS = YES;
				SWIFT_VERSION = 5.0;
				TARGETED_DEVICE_FAMILY = "1,2";
			};
			name = Release;
		};
/* End XCBuildConfiguration section */

/* Begin XCConfigurationList section */
		D81618522BBBD42000644A0B /* Build configuration list for PBXProject "MovieAppPetProject" */ = {
			isa = XCConfigurationList;
			buildConfigurations = (
				D81618692BBBD42100644A0B /* Debug */,
				D816186A2BBBD42100644A0B /* Release */,
			);
			defaultConfigurationIsVisible = 0;
			defaultConfigurationName = Release;
		};
		D816186B2BBBD42100644A0B /* Build configuration list for PBXNativeTarget "MovieAppPetProject" */ = {
			isa = XCConfigurationList;
			buildConfigurations = (
				D816186C2BBBD42100644A0B /* Debug */,
				D816186D2BBBD42100644A0B /* Release */,
			);
			defaultConfigurationIsVisible = 0;
			defaultConfigurationName = Release;
		};
/* End XCConfigurationList section */

/* Begin XCRemoteSwiftPackageReference section */
		D834596D2BC8098F00046A9C /* XCRemoteSwiftPackageReference "SDWebImage" */ = {
			isa = XCRemoteSwiftPackageReference;
			repositoryURL = "https://github.com/SDWebImage/SDWebImage.git";
			requirement = {
				kind = upToNextMajorVersion;
				minimumVersion = 5.19.1;
			};
		};
/* End XCRemoteSwiftPackageReference section */

/* Begin XCSwiftPackageProductDependency section */
		D834596E2BC8098F00046A9C /* SDWebImage */ = {
			isa = XCSwiftPackageProductDependency;
			package = D834596D2BC8098F00046A9C /* XCRemoteSwiftPackageReference "SDWebImage" */;
			productName = SDWebImage;
		};
		D83459702BC8098F00046A9C /* SDWebImageMapKit */ = {
			isa = XCSwiftPackageProductDependency;
			package = D834596D2BC8098F00046A9C /* XCRemoteSwiftPackageReference "SDWebImage" */;
			productName = SDWebImageMapKit;
		};
/* End XCSwiftPackageProductDependency section */
	};
	rootObject = D816184F2BBBD42000644A0B /* Project object */;
}
